
Microsoft Visual Studio Solution File, Format Version 12.00
# Visual Studio Version 17
VisualStudioVersion = 17.4.33205.214
MinimumVisualStudioVersion = 10.0.40219.1
Project("{FAE04EC0-301F-11D3-BF4B-00C04F79EFBC}") = "H3ORMStarWars", "H3ORMStarWars\H3ORMStarWars.csproj", "{721DF9EB-C3A1-45C2-9704-804E00C9F4A9}"
EndProject
Global
	GlobalSection(SolutionConfigurationPlatforms) = preSolution
		Debug|Any CPU = Debug|Any CPU
		Release|Any CPU = Release|Any CPU
	EndGlobalSection
	GlobalSection(ProjectConfigurationPlatforms) = postSolution
		{721DF9EB-C3A1-45C2-9704-804E00C9F4A9}.Debug|Any CPU.ActiveCfg = Debug|Any CPU
		{721DF9EB-C3A1-45C2-9704-804E00C9F4A9}.Debug|Any CPU.Build.0 = Debug|Any CPU
		{721DF9EB-C3A1-45C2-9704-804E00C9F4A9}.Release|Any CPU.ActiveCfg = Release|Any CPU
		{721DF9EB-C3A1-45C2-9704-804E00C9F4A9}.Release|Any CPU.Build.0 = Release|Any CPU
	EndGlobalSection
	GlobalSection(SolutionProperties) = preSolution
		HideSolutionNode = FALSE
	EndGlobalSection
	GlobalSection(ExtensibilityGlobals) = postSolution
		SolutionGuid = {24C6811D-CD81-4E40-909E-6817AEAD8288}
	EndGlobalSection
EndGlobal
